
Microsoft Visual Studio Solution File, Format Version 12.00
# Visual Studio 2013
VisualStudioVersion = 12.0.21005.1
MinimumVisualStudioVersion = 10.0.40219.1
Project("{FAE04EC0-301F-11D3-BF4B-00C04F79EFBC}") = "RestructuringTool.Web", "RestructuringTool.Web\RestructuringTool.Web.csproj", "{1834E09B-BA3E-4FCD-A0FD-91246880C744}"
EndProject
Project("{FAE04EC0-301F-11D3-BF4B-00C04F79EFBC}") = "RestructuringTool.Web.Tests", "RestructuringTool.Web.Tests\RestructuringTool.Web.Tests.csproj", "{027CBD17-3B85-45AF-8208-D6D01FFEDAF0}"
EndProject
Project("{FAE04EC0-301F-11D3-BF4B-00C04F79EFBC}") = "RestructuringTool.DAL", "RestructuringTool.DAL\RestructuringTool.DAL.csproj", "{900F9766-FADB-407C-96A5-536A92C3B236}"
EndProject
Project("{FAE04EC0-301F-11D3-BF4B-00C04F79EFBC}") = "RestructuringTool.Domain", "RestructuringTool.Domain\RestructuringTool.Domain.csproj", "{A503BAC6-AFB3-4388-AEC4-E8D571DE5BDB}"
EndProject
Project("{FAE04EC0-301F-11D3-BF4B-00C04F79EFBC}") = "RestructuringTool.BLL", "RestructuringTool.BLL\RestructuringTool.BLL.csproj", "{67011E50-F609-49C7-B8F8-6C9038D08666}"
EndProject
Project("{FAE04EC0-301F-11D3-BF4B-00C04F79EFBC}") = "RestructuringTool.ConsoleApp", "RestructuringTool.ConsoleApp\RestructuringTool.ConsoleApp.csproj", "{5B7C28B3-BA9D-4A2D-8021-5898A26758CD}"
EndProject
Project("{FAE04EC0-301F-11D3-BF4B-00C04F79EFBC}") = "RestructuringTool.Excel", "RestructuringTool.Excel\RestructuringTool.Excel.csproj", "{EA4C69E5-E536-443E-9340-89D01CC818C2}"
EndProject
Global
	GlobalSection(SolutionConfigurationPlatforms) = preSolution
		Debug|Any CPU = Debug|Any CPU
		Release|Any CPU = Release|Any CPU
	EndGlobalSection
	GlobalSection(ProjectConfigurationPlatforms) = postSolution
		{1834E09B-BA3E-4FCD-A0FD-91246880C744}.Debug|Any CPU.ActiveCfg = Debug|Any CPU
		{1834E09B-BA3E-4FCD-A0FD-91246880C744}.Debug|Any CPU.Build.0 = Debug|Any CPU
		{1834E09B-BA3E-4FCD-A0FD-91246880C744}.Release|Any CPU.ActiveCfg = Release|Any CPU
		{1834E09B-BA3E-4FCD-A0FD-91246880C744}.Release|Any CPU.Build.0 = Release|Any CPU
		{027CBD17-3B85-45AF-8208-D6D01FFEDAF0}.Debug|Any CPU.ActiveCfg = Debug|Any CPU
		{027CBD17-3B85-45AF-8208-D6D01FFEDAF0}.Debug|Any CPU.Build.0 = Debug|Any CPU
		{027CBD17-3B85-45AF-8208-D6D01FFEDAF0}.Release|Any CPU.ActiveCfg = Release|Any CPU
		{027CBD17-3B85-45AF-8208-D6D01FFEDAF0}.Release|Any CPU.Build.0 = Release|Any CPU
		{900F9766-FADB-407C-96A5-536A92C3B236}.Debug|Any CPU.ActiveCfg = Debug|Any CPU
		{900F9766-FADB-407C-96A5-536A92C3B236}.Debug|Any CPU.Build.0 = Debug|Any CPU
		{900F9766-FADB-407C-96A5-536A92C3B236}.Release|Any CPU.ActiveCfg = Release|Any CPU
		{900F9766-FADB-407C-96A5-536A92C3B236}.Release|Any CPU.Build.0 = Release|Any CPU
		{A503BAC6-AFB3-4388-AEC4-E8D571DE5BDB}.Debug|Any CPU.ActiveCfg = Debug|Any CPU
		{A503BAC6-AFB3-4388-AEC4-E8D571DE5BDB}.Debug|Any CPU.Build.0 = Debug|Any CPU
		{A503BAC6-AFB3-4388-AEC4-E8D571DE5BDB}.Release|Any CPU.ActiveCfg = Release|Any CPU
		{A503BAC6-AFB3-4388-AEC4-E8D571DE5BDB}.Release|Any CPU.Build.0 = Release|Any CPU
		{67011E50-F609-49C7-B8F8-6C9038D08666}.Debug|Any CPU.ActiveCfg = Debug|Any CPU
		{67011E50-F609-49C7-B8F8-6C9038D08666}.Debug|Any CPU.Build.0 = Debug|Any CPU
		{67011E50-F609-49C7-B8F8-6C9038D08666}.Release|Any CPU.ActiveCfg = Release|Any CPU
		{67011E50-F609-49C7-B8F8-6C9038D08666}.Release|Any CPU.Build.0 = Release|Any CPU
		{5B7C28B3-BA9D-4A2D-8021-5898A26758CD}.Debug|Any CPU.ActiveCfg = Debug|Any CPU
		{5B7C28B3-BA9D-4A2D-8021-5898A26758CD}.Debug|Any CPU.Build.0 = Debug|Any CPU
		{5B7C28B3-BA9D-4A2D-8021-5898A26758CD}.Release|Any CPU.ActiveCfg = Release|Any CPU
		{5B7C28B3-BA9D-4A2D-8021-5898A26758CD}.Release|Any CPU.Build.0 = Release|Any CPU
		{EA4C69E5-E536-443E-9340-89D01CC818C2}.Debug|Any CPU.ActiveCfg = Debug|Any CPU
		{EA4C69E5-E536-443E-9340-89D01CC818C2}.Debug|Any CPU.Build.0 = Debug|Any CPU
		{EA4C69E5-E536-443E-9340-89D01CC818C2}.Release|Any CPU.ActiveCfg = Release|Any CPU
		{EA4C69E5-E536-443E-9340-89D01CC818C2}.Release|Any CPU.Build.0 = Release|Any CPU
	EndGlobalSection
	GlobalSection(SolutionProperties) = preSolution
		HideSolutionNode = FALSE
	EndGlobalSection
EndGlobal
